
Microsoft Visual Studio Solution File, Format Version 12.00
# Visual Studio Version 17
VisualStudioVersion = 17.14.36203.30 d17.14
MinimumVisualStudioVersion = 10.0.40219.1
Project("{FAE04EC0-301F-11D3-BF4B-00C04F79EFBC}") = "RiceMillManagementSystem", "RiceMillManagementSystem\RiceMillManagementSystem.csproj", "{03A901E4-3ACA-41BC-8597-7663920E041E}"
EndProject
Global
	GlobalSection(SolutionConfigurationPlatforms) = preSolution
		Debug|Any CPU = Debug|Any CPU
		Release|Any CPU = Release|Any CPU
	EndGlobalSection
	GlobalSection(ProjectConfigurationPlatforms) = postSolution
		{03A901E4-3ACA-41BC-8597-7663920E041E}.Debug|Any CPU.ActiveCfg = Debug|Any CPU
		{03A901E4-3ACA-41BC-8597-7663920E041E}.Debug|Any CPU.Build.0 = Debug|Any CPU
		{03A901E4-3ACA-41BC-8597-7663920E041E}.Release|Any CPU.ActiveCfg = Release|Any CPU
		{03A901E4-3ACA-41BC-8597-7663920E041E}.Release|Any CPU.Build.0 = Release|Any CPU
	EndGlobalSection
	GlobalSection(SolutionProperties) = preSolution
		HideSolutionNode = FALSE
	EndGlobalSection
	GlobalSection(ExtensibilityGlobals) = postSolution
		SolutionGuid = {E8395507-48F7-4D6D-8214-629B6BC410F0}
	EndGlobalSection
EndGlobal
